// !$*UTF8*$!
{
	archiveVersion = 1;
	classes = {
	};
	objectVersion = 46;
	objects = {

/* Begin PBXBuildFile section */
		05A84DFF1FD826F2004D9A29 /* KSYAgoraStreamerKit.m in Sources */ = {isa = PBXBuildFile; fileRef = 05A84DFE1FD826F2004D9A29 /* KSYAgoraStreamerKit.m */; };
		2609ACD41FEA454E00789B3F /* KSYDefaultParamCenter.m in Sources */ = {isa = PBXBuildFile; fileRef = 2609ACAE1FEA454E00789B3F /* KSYDefaultParamCenter.m */; };
		2609ACD51FEA454E00789B3F /* KSYStaticData.m in Sources */ = {isa = PBXBuildFile; fileRef = 2609ACB01FEA454E00789B3F /* KSYStaticData.m */; };
		2609ACD61FEA454E00789B3F /* Demo说明@2x.png in Resources */ = {isa = PBXBuildFile; fileRef = 2609ACB21FEA454E00789B3F /* Demo说明@2x.png */; };
		2609ACD71FEA454E00789B3F /* pixel_blank@2x.png in Resources */ = {isa = PBXBuildFile; fileRef = 2609ACB31FEA454E00789B3F /* pixel_blank@2x.png */; };
		2609ACD81FEA454E00789B3F /* 关闭@2x.png in Resources */ = {isa = PBXBuildFile; fileRef = 2609ACB41FEA454E00789B3F /* 关闭@2x.png */; };
		2609ACD91FEA454E00789B3F /* 关闭信息@2x.png in Resources */ = {isa = PBXBuildFile; fileRef = 2609ACB51FEA454E00789B3F /* 关闭信息@2x.png */; };
		2609ACDA1FEA454E00789B3F /* 关闭麦克风@2x.png in Resources */ = {isa = PBXBuildFile; fileRef = 2609ACB61FEA454E00789B3F /* 关闭麦克风@2x.png */; };
		2609ACDB1FEA454E00789B3F /* 开启麦克风@2x.png in Resources */ = {isa = PBXBuildFile; fileRef = 2609ACB71FEA454E00789B3F /* 开启麦克风@2x.png */; };
		2609ACDC1FEA454E00789B3F /* 开始推流@2x.png in Resources */ = {isa = PBXBuildFile; fileRef = 2609ACB81FEA454E00789B3F /* 开始推流@2x.png */; };
		2609ACDD1FEA454E00789B3F /* 挂断@2x.png in Resources */ = {isa = PBXBuildFile; fileRef = 2609ACB91FEA454E00789B3F /* 挂断@2x.png */; };
		2609ACDE1FEA454E00789B3F /* 显示信息@2x.png in Resources */ = {isa = PBXBuildFile; fileRef = 2609ACBA1FEA454E00789B3F /* 显示信息@2x.png */; };
		2609ACDF1FEA454E00789B3F /* 暂停推流@2x.png in Resources */ = {isa = PBXBuildFile; fileRef = 2609ACBB1FEA454E00789B3F /* 暂停推流@2x.png */; };
		2609ACE01FEA454E00789B3F /* 更多@2x.png in Resources */ = {isa = PBXBuildFile; fileRef = 2609ACBC1FEA454E00789B3F /* 更多@2x.png */; };
		2609ACE11FEA454E00789B3F /* 相机翻转@2x.png in Resources */ = {isa = PBXBuildFile; fileRef = 2609ACBD1FEA454E00789B3F /* 相机翻转@2x.png */; };
		2609ACE21FEA454E00789B3F /* 首页背景图@2x.png in Resources */ = {isa = PBXBuildFile; fileRef = 2609ACBE1FEA454E00789B3F /* 首页背景图@2x.png */; };
		2609ACE31FEA454E00789B3F /* KSYKitTool.m in Sources */ = {isa = PBXBuildFile; fileRef = 2609ACC31FEA454E00789B3F /* KSYKitTool.m */; };
		2609ACE41FEA454E00789B3F /* KSYDemoExplainView.m in Sources */ = {isa = PBXBuildFile; fileRef = 2609ACC61FEA454E00789B3F /* KSYDemoExplainView.m */; };
		2609ACE51FEA454E00789B3F /* KSYMenu.m in Sources */ = {isa = PBXBuildFile; fileRef = 2609ACC81FEA454E00789B3F /* KSYMenu.m */; };
		2609ACE61FEA454E00789B3F /* KSYSegmentedControl.m in Sources */ = {isa = PBXBuildFile; fileRef = 2609ACCA1FEA454E00789B3F /* KSYSegmentedControl.m */; };
		2609ACE71FEA454E00789B3F /* KSYSliderView.m in Sources */ = {isa = PBXBuildFile; fileRef = 2609ACCC1FEA454E00789B3F /* KSYSliderView.m */; };
		2609ACE81FEA454E00789B3F /* KSYConfigViewController.m in Sources */ = {isa = PBXBuildFile; fileRef = 2609ACCF1FEA454E00789B3F /* KSYConfigViewController.m */; };
		2609ACE91FEA454E00789B3F /* KSYMainViewController.m in Sources */ = {isa = PBXBuildFile; fileRef = 2609ACD11FEA454E00789B3F /* KSYMainViewController.m */; };
		2609ACEA1FEA454E00789B3F /* KSYPlayViewController.m in Sources */ = {isa = PBXBuildFile; fileRef = 2609ACD31FEA454E00789B3F /* KSYPlayViewController.m */; };
		2609AD1A1FEA456200789B3F /* KSYMultiAgoraStreamerKit.m in Sources */ = {isa = PBXBuildFile; fileRef = 2609AD181FEA456200789B3F /* KSYMultiAgoraStreamerKit.m */; };
		26AA129D1FEB91740028DEE0 /* 背景@2x.png in Resources */ = {isa = PBXBuildFile; fileRef = 26AA129B1FEB91740028DEE0 /* 背景@2x.png */; };
		26AA129E1FEB91740028DEE0 /* 背景@3x.png in Resources */ = {isa = PBXBuildFile; fileRef = 26AA129C1FEB91740028DEE0 /* 背景@3x.png */; };
		26AA12A31FEB93BE0028DEE0 /* 画中画@3x.png in Resources */ = {isa = PBXBuildFile; fileRef = 26AA129F1FEB93BE0028DEE0 /* 画中画@3x.png */; };
		26AA12A41FEB93BE0028DEE0 /* 画中画@2x.png in Resources */ = {isa = PBXBuildFile; fileRef = 26AA12A01FEB93BE0028DEE0 /* 画中画@2x.png */; };
		26AA12A51FEB93BE0028DEE0 /* 分屏@3x.png in Resources */ = {isa = PBXBuildFile; fileRef = 26AA12A11FEB93BE0028DEE0 /* 分屏@3x.png */; };
		26AA12A61FEB93BE0028DEE0 /* 分屏@2x.png in Resources */ = {isa = PBXBuildFile; fileRef = 26AA12A21FEB93BE0028DEE0 /* 分屏@2x.png */; };
		95C902791F0CCADE00AC1FAA /* main.m in Sources */ = {isa = PBXBuildFile; fileRef = 95C902781F0CCADE00AC1FAA /* main.m */; };
		95C9027C1F0CCADE00AC1FAA /* AppDelegate.m in Sources */ = {isa = PBXBuildFile; fileRef = 95C9027B1F0CCADE00AC1FAA /* AppDelegate.m */; };
		95C902821F0CCADE00AC1FAA /* Main.storyboard in Resources */ = {isa = PBXBuildFile; fileRef = 95C902801F0CCADE00AC1FAA /* Main.storyboard */; };
		95C902841F0CCADE00AC1FAA /* Assets.xcassets in Resources */ = {isa = PBXBuildFile; fileRef = 95C902831F0CCADE00AC1FAA /* Assets.xcassets */; };
		95C902871F0CCADE00AC1FAA /* LaunchScreen.storyboard in Resources */ = {isa = PBXBuildFile; fileRef = 95C902851F0CCADE00AC1FAA /* LaunchScreen.storyboard */; };
		95C903861F0E15A800AC1FAA /* mask.png in Resources */ = {isa = PBXBuildFile; fileRef = 95C903851F0E15A800AC1FAA /* mask.png */; };
/* End PBXBuildFile section */

/* Begin PBXCopyFilesBuildPhase section */
		95C903711F0E0EAD00AC1FAA /* Embed Frameworks */ = {
			isa = PBXCopyFilesBuildPhase;
			buildActionMask = 2147483647;
			dstPath = "";
			dstSubfolderSpec = 10;
			files = (
			);
			name = "Embed Frameworks";
			runOnlyForDeploymentPostprocessing = 0;
		};
/* End PBXCopyFilesBuildPhase section */

/* Begin PBXFileReference section */
		05A84DFE1FD826F2004D9A29 /* KSYAgoraStreamerKit.m */ = {isa = PBXFileReference; lastKnownFileType = sourcecode.c.objc; path = KSYAgoraStreamerKit.m; sourceTree = "<group>"; };
		05A84E001FD82721004D9A29 /* KSYAgoraStreamerKit.h */ = {isa = PBXFileReference; lastKnownFileType = sourcecode.c.h; path = KSYAgoraStreamerKit.h; sourceTree = "<group>"; };
		2609ACAD1FEA454E00789B3F /* KSYDefaultParamCenter.h */ = {isa = PBXFileReference; fileEncoding = 4; lastKnownFileType = sourcecode.c.h; path = KSYDefaultParamCenter.h; sourceTree = "<group>"; };
		2609ACAE1FEA454E00789B3F /* KSYDefaultParamCenter.m */ = {isa = PBXFileReference; fileEncoding = 4; lastKnownFileType = sourcecode.c.objc; path = KSYDefaultParamCenter.m; sourceTree = "<group>"; };
		2609ACAF1FEA454E00789B3F /* KSYStaticData.h */ = {isa = PBXFileReference; fileEncoding = 4; lastKnownFileType = sourcecode.c.h; path = KSYStaticData.h; sourceTree = "<group>"; };
		2609ACB01FEA454E00789B3F /* KSYStaticData.m */ = {isa = PBXFileReference; fileEncoding = 4; lastKnownFileType = sourcecode.c.objc; path = KSYStaticData.m; sourceTree = "<group>"; };
		2609ACB21FEA454E00789B3F /* Demo说明@2x.png */ = {isa = PBXFileReference; lastKnownFileType = image.png; path = "Demo说明@2x.png"; sourceTree = "<group>"; };
		2609ACB31FEA454E00789B3F /* pixel_blank@2x.png */ = {isa = PBXFileReference; lastKnownFileType = image.png; path = "pixel_blank@2x.png"; sourceTree = "<group>"; };
		2609ACB41FEA454E00789B3F /* 关闭@2x.png */ = {isa = PBXFileReference; lastKnownFileType = image.png; path = "关闭@2x.png"; sourceTree = "<group>"; };
		2609ACB51FEA454E00789B3F /* 关闭信息@2x.png */ = {isa = PBXFileReference; lastKnownFileType = image.png; path = "关闭信息@2x.png"; sourceTree = "<group>"; };
		2609ACB61FEA454E00789B3F /* 关闭麦克风@2x.png */ = {isa = PBXFileReference; lastKnownFileType = image.png; path = "关闭麦克风@2x.png"; sourceTree = "<group>"; };
		2609ACB71FEA454E00789B3F /* 开启麦克风@2x.png */ = {isa = PBXFileReference; lastKnownFileType = image.png; path = "开启麦克风@2x.png"; sourceTree = "<group>"; };
		2609ACB81FEA454E00789B3F /* 开始推流@2x.png */ = {isa = PBXFileReference; lastKnownFileType = image.png; path = "开始推流@2x.png"; sourceTree = "<group>"; };
		2609ACB91FEA454E00789B3F /* 挂断@2x.png */ = {isa = PBXFileReference; lastKnownFileType = image.png; path = "挂断@2x.png"; sourceTree = "<group>"; };
		2609ACBA1FEA454E00789B3F /* 显示信息@2x.png */ = {isa = PBXFileReference; lastKnownFileType = image.png; path = "显示信息@2x.png"; sourceTree = "<group>"; };
		2609ACBB1FEA454E00789B3F /* 暂停推流@2x.png */ = {isa = PBXFileReference; lastKnownFileType = image.png; path = "暂停推流@2x.png"; sourceTree = "<group>"; };
		2609ACBC1FEA454E00789B3F /* 更多@2x.png */ = {isa = PBXFileReference; lastKnownFileType = image.png; path = "更多@2x.png"; sourceTree = "<group>"; };
		2609ACBD1FEA454E00789B3F /* 相机翻转@2x.png */ = {isa = PBXFileReference; lastKnownFileType = image.png; path = "相机翻转@2x.png"; sourceTree = "<group>"; };
		2609ACBE1FEA454E00789B3F /* 首页背景图@2x.png */ = {isa = PBXFileReference; lastKnownFileType = image.png; path = "首页背景图@2x.png"; sourceTree = "<group>"; };
		2609ACC11FEA454E00789B3F /* KSYHeader.h */ = {isa = PBXFileReference; fileEncoding = 4; lastKnownFileType = sourcecode.c.h; path = KSYHeader.h; sourceTree = "<group>"; };
		2609ACC21FEA454E00789B3F /* KSYKitTool.h */ = {isa = PBXFileReference; fileEncoding = 4; lastKnownFileType = sourcecode.c.h; path = KSYKitTool.h; sourceTree = "<group>"; };
		2609ACC31FEA454E00789B3F /* KSYKitTool.m */ = {isa = PBXFileReference; fileEncoding = 4; lastKnownFileType = sourcecode.c.objc; path = KSYKitTool.m; sourceTree = "<group>"; };
		2609ACC51FEA454E00789B3F /* KSYDemoExplainView.h */ = {isa = PBXFileReference; fileEncoding = 4; lastKnownFileType = sourcecode.c.h; path = KSYDemoExplainView.h; sourceTree = "<group>"; };
		2609ACC61FEA454E00789B3F /* KSYDemoExplainView.m */ = {isa = PBXFileReference; fileEncoding = 4; lastKnownFileType = sourcecode.c.objc; path = KSYDemoExplainView.m; sourceTree = "<group>"; };
		2609ACC71FEA454E00789B3F /* KSYMenu.h */ = {isa = PBXFileReference; fileEncoding = 4; lastKnownFileType = sourcecode.c.h; path = KSYMenu.h; sourceTree = "<group>"; };
		2609ACC81FEA454E00789B3F /* KSYMenu.m */ = {isa = PBXFileReference; fileEncoding = 4; lastKnownFileType = sourcecode.c.objc; path = KSYMenu.m; sourceTree = "<group>"; };
		2609ACC91FEA454E00789B3F /* KSYSegmentedControl.h */ = {isa = PBXFileReference; fileEncoding = 4; lastKnownFileType = sourcecode.c.h; path = KSYSegmentedControl.h; sourceTree = "<group>"; };
		2609ACCA1FEA454E00789B3F /* KSYSegmentedControl.m */ = {isa = PBXFileReference; fileEncoding = 4; lastKnownFileType = sourcecode.c.objc; path = KSYSegmentedControl.m; sourceTree = "<group>"; };
		2609ACCB1FEA454E00789B3F /* KSYSliderView.h */ = {isa = PBXFileReference; fileEncoding = 4; lastKnownFileType = sourcecode.c.h; path = KSYSliderView.h; sourceTree = "<group>"; };
		2609ACCC1FEA454E00789B3F /* KSYSliderView.m */ = {isa = PBXFileReference; fileEncoding = 4; lastKnownFileType = sourcecode.c.objc; path = KSYSliderView.m; sourceTree = "<group>"; };
		2609ACCE1FEA454E00789B3F /* KSYConfigViewController.h */ = {isa = PBXFileReference; fileEncoding = 4; lastKnownFileType = sourcecode.c.h; path = KSYConfigViewController.h; sourceTree = "<group>"; };
		2609ACCF1FEA454E00789B3F /* KSYConfigViewController.m */ = {isa = PBXFileReference; fileEncoding = 4; lastKnownFileType = sourcecode.c.objc; path = KSYConfigViewController.m; sourceTree = "<group>"; };
		2609ACD01FEA454E00789B3F /* KSYMainViewController.h */ = {isa = PBXFileReference; fileEncoding = 4; lastKnownFileType = sourcecode.c.h; path = KSYMainViewController.h; sourceTree = "<group>"; };
		2609ACD11FEA454E00789B3F /* KSYMainViewController.m */ = {isa = PBXFileReference; fileEncoding = 4; lastKnownFileType = sourcecode.c.objc; path = KSYMainViewController.m; sourceTree = "<group>"; };
		2609ACD21FEA454E00789B3F /* KSYPlayViewController.h */ = {isa = PBXFileReference; fileEncoding = 4; lastKnownFileType = sourcecode.c.h; path = KSYPlayViewController.h; sourceTree = "<group>"; };
		2609ACD31FEA454E00789B3F /* KSYPlayViewController.m */ = {isa = PBXFileReference; fileEncoding = 4; lastKnownFileType = sourcecode.c.objc; path = KSYPlayViewController.m; sourceTree = "<group>"; };
		2609AD181FEA456200789B3F /* KSYMultiAgoraStreamerKit.m */ = {isa = PBXFileReference; fileEncoding = 4; lastKnownFileType = sourcecode.c.objc; path = KSYMultiAgoraStreamerKit.m; sourceTree = "<group>"; };
		2609AD191FEA456200789B3F /* KSYMultiAgoraStreamerKit.h */ = {isa = PBXFileReference; fileEncoding = 4; lastKnownFileType = sourcecode.c.h; path = KSYMultiAgoraStreamerKit.h; sourceTree = "<group>"; };
		26AA129B1FEB91740028DEE0 /* 背景@2x.png */ = {isa = PBXFileReference; lastKnownFileType = image.png; path = "背景@2x.png"; sourceTree = "<group>"; };
		26AA129C1FEB91740028DEE0 /* 背景@3x.png */ = {isa = PBXFileReference; lastKnownFileType = image.png; path = "背景@3x.png"; sourceTree = "<group>"; };
		26AA129F1FEB93BE0028DEE0 /* 画中画@3x.png */ = {isa = PBXFileReference; lastKnownFileType = image.png; path = "画中画@3x.png"; sourceTree = "<group>"; };
		26AA12A01FEB93BE0028DEE0 /* 画中画@2x.png */ = {isa = PBXFileReference; lastKnownFileType = image.png; path = "画中画@2x.png"; sourceTree = "<group>"; };
		26AA12A11FEB93BE0028DEE0 /* 分屏@3x.png */ = {isa = PBXFileReference; lastKnownFileType = image.png; path = "分屏@3x.png"; sourceTree = "<group>"; };
		26AA12A21FEB93BE0028DEE0 /* 分屏@2x.png */ = {isa = PBXFileReference; lastKnownFileType = image.png; path = "分屏@2x.png"; sourceTree = "<group>"; };
		95C902751F0CCADE00AC1FAA /* KMCAgoraVRTCDemo.app */ = {isa = PBXFileReference; explicitFileType = wrapper.application; includeInIndex = 0; path = KMCAgoraVRTCDemo.app; sourceTree = BUILT_PRODUCTS_DIR; };
		95C902781F0CCADE00AC1FAA /* main.m */ = {isa = PBXFileReference; lastKnownFileType = sourcecode.c.objc; path = main.m; sourceTree = "<group>"; };
		95C9027A1F0CCADE00AC1FAA /* AppDelegate.h */ = {isa = PBXFileReference; lastKnownFileType = sourcecode.c.h; path = AppDelegate.h; sourceTree = "<group>"; };
		95C9027B1F0CCADE00AC1FAA /* AppDelegate.m */ = {isa = PBXFileReference; lastKnownFileType = sourcecode.c.objc; path = AppDelegate.m; sourceTree = "<group>"; };
		95C902811F0CCADE00AC1FAA /* Base */ = {isa = PBXFileReference; lastKnownFileType = file.storyboard; name = Base; path = Base.lproj/Main.storyboard; sourceTree = "<group>"; };
		95C902831F0CCADE00AC1FAA /* Assets.xcassets */ = {isa = PBXFileReference; lastKnownFileType = folder.assetcatalog; path = Assets.xcassets; sourceTree = "<group>"; };
		95C902861F0CCADE00AC1FAA /* Base */ = {isa = PBXFileReference; lastKnownFileType = file.storyboard; name = Base; path = Base.lproj/LaunchScreen.storyboard; sourceTree = "<group>"; };
		95C902881F0CCADE00AC1FAA /* Info.plist */ = {isa = PBXFileReference; lastKnownFileType = text.plist.xml; path = Info.plist; sourceTree = "<group>"; };
		95C903421F0CFE2A00AC1FAA /* libstdc++.tbd */ = {isa = PBXFileReference; lastKnownFileType = "sourcecode.text-based-dylib-definition"; name = "libstdc++.tbd"; path = "usr/lib/libstdc++.tbd"; sourceTree = SDKROOT; };
		95C903541F0E05BC00AC1FAA /* VideoToolbox.framework */ = {isa = PBXFileReference; lastKnownFileType = wrapper.framework; name = VideoToolbox.framework; path = System/Library/Frameworks/VideoToolbox.framework; sourceTree = SDKROOT; };
		95C903561F0E062D00AC1FAA /* CoreVideo.framework */ = {isa = PBXFileReference; lastKnownFileType = wrapper.framework; name = CoreVideo.framework; path = System/Library/Frameworks/CoreVideo.framework; sourceTree = SDKROOT; };
		95C903581F0E068500AC1FAA /* OpenGLES.framework */ = {isa = PBXFileReference; lastKnownFileType = wrapper.framework; name = OpenGLES.framework; path = System/Library/Frameworks/OpenGLES.framework; sourceTree = SDKROOT; };
		95C9035A1F0E06FE00AC1FAA /* GLKit.framework */ = {isa = PBXFileReference; lastKnownFileType = wrapper.framework; name = GLKit.framework; path = System/Library/Frameworks/GLKit.framework; sourceTree = SDKROOT; };
		95C9035C1F0E074D00AC1FAA /* AVFoundation.framework */ = {isa = PBXFileReference; lastKnownFileType = wrapper.framework; name = AVFoundation.framework; path = System/Library/Frameworks/AVFoundation.framework; sourceTree = SDKROOT; };
		95C9035E1F0E078900AC1FAA /* UIKit.framework */ = {isa = PBXFileReference; lastKnownFileType = wrapper.framework; name = UIKit.framework; path = System/Library/Frameworks/UIKit.framework; sourceTree = SDKROOT; };
		95C903601F0E07C400AC1FAA /* QuartzCore.framework */ = {isa = PBXFileReference; lastKnownFileType = wrapper.framework; name = QuartzCore.framework; path = System/Library/Frameworks/QuartzCore.framework; sourceTree = SDKROOT; };
		95C903621F0E081A00AC1FAA /* AudioToolbox.framework */ = {isa = PBXFileReference; lastKnownFileType = wrapper.framework; name = AudioToolbox.framework; path = System/Library/Frameworks/AudioToolbox.framework; sourceTree = SDKROOT; };
		95C903641F0E084200AC1FAA /* CoreMedia.framework */ = {isa = PBXFileReference; lastKnownFileType = wrapper.framework; name = CoreMedia.framework; path = System/Library/Frameworks/CoreMedia.framework; sourceTree = SDKROOT; };
		95C903661F0E086800AC1FAA /* CoreTelephony.framework */ = {isa = PBXFileReference; lastKnownFileType = wrapper.framework; name = CoreTelephony.framework; path = System/Library/Frameworks/CoreTelephony.framework; sourceTree = SDKROOT; };
		95C903681F0E086E00AC1FAA /* CoreMotion.framework */ = {isa = PBXFileReference; lastKnownFileType = wrapper.framework; name = CoreMotion.framework; path = System/Library/Frameworks/CoreMotion.framework; sourceTree = SDKROOT; };
		95C9036A1F0E089B00AC1FAA /* CoreGraphics.framework */ = {isa = PBXFileReference; lastKnownFileType = wrapper.framework; name = CoreGraphics.framework; path = System/Library/Frameworks/CoreGraphics.framework; sourceTree = SDKROOT; };
		95C903851F0E15A800AC1FAA /* mask.png */ = {isa = PBXFileReference; lastKnownFileType = image.png; path = mask.png; sourceTree = "<group>"; };
/* End PBXFileReference section */

/* Begin PBXFrameworksBuildPhase section */
		95C902721F0CCADE00AC1FAA /* Frameworks */ = {
			isa = PBXFrameworksBuildPhase;
			buildActionMask = 2147483647;
			files = (
			);
			runOnlyForDeploymentPostprocessing = 0;
		};
/* End PBXFrameworksBuildPhase section */

/* Begin PBXGroup section */
		0BF331484BE4569406E340A0 /* Frameworks */ = {
			isa = PBXGroup;
			children = (
				95C9036A1F0E089B00AC1FAA /* CoreGraphics.framework */,
				95C903681F0E086E00AC1FAA /* CoreMotion.framework */,
				95C903661F0E086800AC1FAA /* CoreTelephony.framework */,
				95C903641F0E084200AC1FAA /* CoreMedia.framework */,
				95C903621F0E081A00AC1FAA /* AudioToolbox.framework */,
				95C903601F0E07C400AC1FAA /* QuartzCore.framework */,
				95C9035E1F0E078900AC1FAA /* UIKit.framework */,
				95C9035C1F0E074D00AC1FAA /* AVFoundation.framework */,
				95C9035A1F0E06FE00AC1FAA /* GLKit.framework */,
				95C903581F0E068500AC1FAA /* OpenGLES.framework */,
				95C903561F0E062D00AC1FAA /* CoreVideo.framework */,
				95C903541F0E05BC00AC1FAA /* VideoToolbox.framework */,
				95C903421F0CFE2A00AC1FAA /* libstdc++.tbd */,
			);
			name = Frameworks;
			sourceTree = "<group>";
		};
		2609ACAB1FEA454E00789B3F /* MultiAgora */ = {
			isa = PBXGroup;
			children = (
				2609ACAC1FEA454E00789B3F /* Data */,
				2609ACB11FEA454E00789B3F /* Image */,
				2609ACC01FEA454E00789B3F /* Tool */,
				2609ACC41FEA454E00789B3F /* View */,
				2609ACCD1FEA454E00789B3F /* ViewController */,
			);
			path = MultiAgora;
			sourceTree = "<group>";
		};
		2609ACAC1FEA454E00789B3F /* Data */ = {
			isa = PBXGroup;
			children = (
				2609ACAD1FEA454E00789B3F /* KSYDefaultParamCenter.h */,
				2609ACAE1FEA454E00789B3F /* KSYDefaultParamCenter.m */,
				2609ACAF1FEA454E00789B3F /* KSYStaticData.h */,
				2609ACB01FEA454E00789B3F /* KSYStaticData.m */,
			);
			path = Data;
			sourceTree = "<group>";
		};
		2609ACB11FEA454E00789B3F /* Image */ = {
			isa = PBXGroup;
			children = (
				26AA12A21FEB93BE0028DEE0 /* 分屏@2x.png */,
				26AA12A11FEB93BE0028DEE0 /* 分屏@3x.png */,
				26AA12A01FEB93BE0028DEE0 /* 画中画@2x.png */,
				26AA129F1FEB93BE0028DEE0 /* 画中画@3x.png */,
				26AA129B1FEB91740028DEE0 /* 背景@2x.png */,
				26AA129C1FEB91740028DEE0 /* 背景@3x.png */,
				2609ACB21FEA454E00789B3F /* Demo说明@2x.png */,
				2609ACB31FEA454E00789B3F /* pixel_blank@2x.png */,
				2609ACB41FEA454E00789B3F /* 关闭@2x.png */,
				2609ACB51FEA454E00789B3F /* 关闭信息@2x.png */,
				2609ACB61FEA454E00789B3F /* 关闭麦克风@2x.png */,
				2609ACB71FEA454E00789B3F /* 开启麦克风@2x.png */,
				2609ACB81FEA454E00789B3F /* 开始推流@2x.png */,
				2609ACB91FEA454E00789B3F /* 挂断@2x.png */,
				2609ACBA1FEA454E00789B3F /* 显示信息@2x.png */,
				2609ACBB1FEA454E00789B3F /* 暂停推流@2x.png */,
				2609ACBC1FEA454E00789B3F /* 更多@2x.png */,
				2609ACBD1FEA454E00789B3F /* 相机翻转@2x.png */,
				2609ACBE1FEA454E00789B3F /* 首页背景图@2x.png */,
			);
			path = Image;
			sourceTree = "<group>";
		};
		2609ACC01FEA454E00789B3F /* Tool */ = {
			isa = PBXGroup;
			children = (
				2609ACC11FEA454E00789B3F /* KSYHeader.h */,
				2609ACC21FEA454E00789B3F /* KSYKitTool.h */,
				2609ACC31FEA454E00789B3F /* KSYKitTool.m */,
			);
			path = Tool;
			sourceTree = "<group>";
		};
		2609ACC41FEA454E00789B3F /* View */ = {
			isa = PBXGroup;
			children = (
				2609ACC51FEA454E00789B3F /* KSYDemoExplainView.h */,
				2609ACC61FEA454E00789B3F /* KSYDemoExplainView.m */,
				2609ACC71FEA454E00789B3F /* KSYMenu.h */,
				2609ACC81FEA454E00789B3F /* KSYMenu.m */,
				2609ACC91FEA454E00789B3F /* KSYSegmentedControl.h */,
				2609ACCA1FEA454E00789B3F /* KSYSegmentedControl.m */,
				2609ACCB1FEA454E00789B3F /* KSYSliderView.h */,
				2609ACCC1FEA454E00789B3F /* KSYSliderView.m */,
			);
			path = View;
			sourceTree = "<group>";
		};
		2609ACCD1FEA454E00789B3F /* ViewController */ = {
			isa = PBXGroup;
			children = (
				2609ACCE1FEA454E00789B3F /* KSYConfigViewController.h */,
				2609ACCF1FEA454E00789B3F /* KSYConfigViewController.m */,
				2609ACD01FEA454E00789B3F /* KSYMainViewController.h */,
				2609ACD11FEA454E00789B3F /* KSYMainViewController.m */,
				2609ACD21FEA454E00789B3F /* KSYPlayViewController.h */,
				2609ACD31FEA454E00789B3F /* KSYPlayViewController.m */,
			);
			path = ViewController;
			sourceTree = "<group>";
		};
		95C902211F0CCA0500AC1FAA = {
			isa = PBXGroup;
			children = (
				95C902FB1F0CD48D00AC1FAA /* source */,
				95C902761F0CCADE00AC1FAA /* AgoraVRTCDemo */,
				95C9022B1F0CCA0500AC1FAA /* Products */,
				0BF331484BE4569406E340A0 /* Frameworks */,
			);
			sourceTree = "<group>";
		};
		95C9022B1F0CCA0500AC1FAA /* Products */ = {
			isa = PBXGroup;
			children = (
				95C902751F0CCADE00AC1FAA /* KMCAgoraVRTCDemo.app */,
			);
			name = Products;
			sourceTree = "<group>";
		};
		95C902761F0CCADE00AC1FAA /* AgoraVRTCDemo */ = {
			isa = PBXGroup;
			children = (
				2609ACAB1FEA454E00789B3F /* MultiAgora */,
				95C9027A1F0CCADE00AC1FAA /* AppDelegate.h */,
				95C9027B1F0CCADE00AC1FAA /* AppDelegate.m */,
				95C902801F0CCADE00AC1FAA /* Main.storyboard */,
				95C902831F0CCADE00AC1FAA /* Assets.xcassets */,
				95C903851F0E15A800AC1FAA /* mask.png */,
				95C902851F0CCADE00AC1FAA /* LaunchScreen.storyboard */,
				95C902881F0CCADE00AC1FAA /* Info.plist */,
				95C902771F0CCADE00AC1FAA /* Supporting Files */,
			);
			path = AgoraVRTCDemo;
			sourceTree = "<group>";
		};
		95C902771F0CCADE00AC1FAA /* Supporting Files */ = {
			isa = PBXGroup;
			children = (
				95C902781F0CCADE00AC1FAA /* main.m */,
			);
			name = "Supporting Files";
			sourceTree = "<group>";
		};
		95C902FB1F0CD48D00AC1FAA /* source */ = {
			isa = PBXGroup;
			children = (
				05A84E001FD82721004D9A29 /* KSYAgoraStreamerKit.h */,
				05A84DFE1FD826F2004D9A29 /* KSYAgoraStreamerKit.m */,
				2609AD191FEA456200789B3F /* KSYMultiAgoraStreamerKit.h */,
				2609AD181FEA456200789B3F /* KSYMultiAgoraStreamerKit.m */,
			);
			path = source;
			sourceTree = "<group>";
		};
/* End PBXGroup section */

/* Begin PBXNativeTarget section */
		95C902741F0CCADE00AC1FAA /* KMCAgoraVRTCDemo */ = {
			isa = PBXNativeTarget;
			buildConfigurationList = 95C902891F0CCADE00AC1FAA /* Build configuration list for PBXNativeTarget "KMCAgoraVRTCDemo" */;
			buildPhases = (
				95C902711F0CCADE00AC1FAA /* Sources */,
				95C902721F0CCADE00AC1FAA /* Frameworks */,
				95C902731F0CCADE00AC1FAA /* Resources */,
				95C903711F0E0EAD00AC1FAA /* Embed Frameworks */,
			);
			buildRules = (
			);
			dependencies = (
			);
			name = KMCAgoraVRTCDemo;
			productName = AgoraVRTCDemo;
			productReference = 95C902751F0CCADE00AC1FAA /* KMCAgoraVRTCDemo.app */;
			productType = "com.apple.product-type.application";
		};
/* End PBXNativeTarget section */

/* Begin PBXProject section */
		95C902221F0CCA0500AC1FAA /* Project object */ = {
			isa = PBXProject;
			attributes = {
				LastUpgradeCheck = 0830;
				ORGANIZATIONNAME = ksyun;
				TargetAttributes = {
					95C902741F0CCADE00AC1FAA = {
						CreatedOnToolsVersion = 8.3.2;
						DevelopmentTeam = ZGJ54Q7R45;
						ProvisioningStyle = Automatic;
						SystemCapabilities = {
							com.apple.BackgroundModes = {
								enabled = 1;
							};
						};
					};
				};
			};
			buildConfigurationList = 95C902251F0CCA0500AC1FAA /* Build configuration list for PBXProject "KMCAgoraVRTCDemo" */;
			compatibilityVersion = "Xcode 3.2";
			developmentRegion = English;
			hasScannedForEncodings = 0;
			knownRegions = (
				en,
				Base,
			);
			mainGroup = 95C902211F0CCA0500AC1FAA;
			productRefGroup = 95C9022B1F0CCA0500AC1FAA /* Products */;
			projectDirPath = "";
			projectRoot = "";
			targets = (
				95C902741F0CCADE00AC1FAA /* KMCAgoraVRTCDemo */,
			);
		};
/* End PBXProject section */

/* Begin PBXResourcesBuildPhase section */
		95C902731F0CCADE00AC1FAA /* Resources */ = {
			isa = PBXResourcesBuildPhase;
			buildActionMask = 2147483647;
			files = (
				2609ACDE1FEA454E00789B3F /* 显示信息@2x.png in Resources */,
				2609ACE11FEA454E00789B3F /* 相机翻转@2x.png in Resources */,
				26AA12A51FEB93BE0028DEE0 /* 分屏@3x.png in Resources */,
				26AA12A41FEB93BE0028DEE0 /* 画中画@2x.png in Resources */,
				2609ACD91FEA454E00789B3F /* 关闭信息@2x.png in Resources */,
				2609ACE01FEA454E00789B3F /* 更多@2x.png in Resources */,
				26AA12A61FEB93BE0028DEE0 /* 分屏@2x.png in Resources */,
				95C902871F0CCADE00AC1FAA /* LaunchScreen.storyboard in Resources */,
				2609ACD61FEA454E00789B3F /* Demo说明@2x.png in Resources */,
				2609ACD71FEA454E00789B3F /* pixel_blank@2x.png in Resources */,
				2609ACDC1FEA454E00789B3F /* 开始推流@2x.png in Resources */,
				2609ACDD1FEA454E00789B3F /* 挂断@2x.png in Resources */,
				2609ACD81FEA454E00789B3F /* 关闭@2x.png in Resources */,
				2609ACDB1FEA454E00789B3F /* 开启麦克风@2x.png in Resources */,
				26AA12A31FEB93BE0028DEE0 /* 画中画@3x.png in Resources */,
				2609ACDF1FEA454E00789B3F /* 暂停推流@2x.png in Resources */,
				95C902841F0CCADE00AC1FAA /* Assets.xcassets in Resources */,
				26AA129D1FEB91740028DEE0 /* 背景@2x.png in Resources */,
				2609ACDA1FEA454E00789B3F /* 关闭麦克风@2x.png in Resources */,
				95C902821F0CCADE00AC1FAA /* Main.storyboard in Resources */,
				26AA129E1FEB91740028DEE0 /* 背景@3x.png in Resources */,
				95C903861F0E15A800AC1FAA /* mask.png in Resources */,
				2609ACE21FEA454E00789B3F /* 首页背景图@2x.png in Resources */,
			);
			runOnlyForDeploymentPostprocessing = 0;
		};
/* End PBXResourcesBuildPhase section */

/* Begin PBXSourcesBuildPhase section */
		95C902711F0CCADE00AC1FAA /* Sources */ = {
			isa = PBXSourcesBuildPhase;
			buildActionMask = 2147483647;
			files = (
				05A84DFF1FD826F2004D9A29 /* KSYAgoraStreamerKit.m in Sources */,
				2609ACD41FEA454E00789B3F /* KSYDefaultParamCenter.m in Sources */,
				2609ACE61FEA454E00789B3F /* KSYSegmentedControl.m in Sources */,
				2609ACEA1FEA454E00789B3F /* KSYPlayViewController.m in Sources */,
				2609ACE31FEA454E00789B3F /* KSYKitTool.m in Sources */,
				2609ACE41FEA454E00789B3F /* KSYDemoExplainView.m in Sources */,
				2609ACE81FEA454E00789B3F /* KSYConfigViewController.m in Sources */,
				2609ACE71FEA454E00789B3F /* KSYSliderView.m in Sources */,
				2609ACE51FEA454E00789B3F /* KSYMenu.m in Sources */,
				95C9027C1F0CCADE00AC1FAA /* AppDelegate.m in Sources */,
				2609ACE91FEA454E00789B3F /* KSYMainViewController.m in Sources */,
				95C902791F0CCADE00AC1FAA /* main.m in Sources */,
				2609ACD51FEA454E00789B3F /* KSYStaticData.m in Sources */,
				2609AD1A1FEA456200789B3F /* KSYMultiAgoraStreamerKit.m in Sources */,
			);
			runOnlyForDeploymentPostprocessing = 0;
		};
/* End PBXSourcesBuildPhase section */

/* Begin PBXVariantGroup section */
		95C902801F0CCADE00AC1FAA /* Main.storyboard */ = {
			isa = PBXVariantGroup;
			children = (
				95C902811F0CCADE00AC1FAA /* Base */,
			);
			name = Main.storyboard;
			sourceTree = "<group>";
		};
		95C902851F0CCADE00AC1FAA /* LaunchScreen.storyboard */ = {
			isa = PBXVariantGroup;
			children = (
				95C902861F0CCADE00AC1FAA /* Base */,
			);
			name = LaunchScreen.storyboard;
			sourceTree = "<group>";
		};
/* End PBXVariantGroup section */

/* Begin XCBuildConfiguration section */
		95C9023F1F0CCA0500AC1FAA /* Debug */ = {
			isa = XCBuildConfiguration;
			buildSettings = {
				ALWAYS_SEARCH_USER_PATHS = NO;
				CLANG_ANALYZER_NONNULL = YES;
				CLANG_ANALYZER_NUMBER_OBJECT_CONVERSION = YES_AGGRESSIVE;
				CLANG_CXX_LANGUAGE_STANDARD = "gnu++0x";
				CLANG_CXX_LIBRARY = "libc++";
				CLANG_ENABLE_MODULES = YES;
				CLANG_ENABLE_OBJC_ARC = YES;
				CLANG_WARN_BOOL_CONVERSION = YES;
				CLANG_WARN_CONSTANT_CONVERSION = YES;
				CLANG_WARN_DIRECT_OBJC_ISA_USAGE = YES_ERROR;
				CLANG_WARN_DOCUMENTATION_COMMENTS = YES;
				CLANG_WARN_EMPTY_BODY = YES;
				CLANG_WARN_ENUM_CONVERSION = YES;
				CLANG_WARN_INFINITE_RECURSION = YES;
				CLANG_WARN_INT_CONVERSION = YES;
				CLANG_WARN_OBJC_ROOT_CLASS = YES_ERROR;
				CLANG_WARN_SUSPICIOUS_MOVE = YES;
				CLANG_WARN_UNREACHABLE_CODE = YES;
				CLANG_WARN__DUPLICATE_METHOD_MATCH = YES;
				"CODE_SIGN_IDENTITY[sdk=iphoneos*]" = "iPhone Developer";
				COPY_PHASE_STRIP = NO;
				DEBUG_INFORMATION_FORMAT = dwarf;
				ENABLE_STRICT_OBJC_MSGSEND = YES;
				ENABLE_TESTABILITY = YES;
				GCC_C_LANGUAGE_STANDARD = gnu99;
				GCC_DYNAMIC_NO_PIC = NO;
				GCC_NO_COMMON_BLOCKS = YES;
				GCC_OPTIMIZATION_LEVEL = 0;
				GCC_PREPROCESSOR_DEFINITIONS = (
					"DEBUG=1",
					"$(inherited)",
				);
				GCC_WARN_64_TO_32_BIT_CONVERSION = YES;
				GCC_WARN_ABOUT_RETURN_TYPE = YES_ERROR;
				GCC_WARN_UNDECLARED_SELECTOR = YES;
				GCC_WARN_UNINITIALIZED_AUTOS = YES_AGGRESSIVE;
				GCC_WARN_UNUSED_FUNCTION = YES;
				GCC_WARN_UNUSED_VARIABLE = YES;
				IPHONEOS_DEPLOYMENT_TARGET = 10.3;
				MTL_ENABLE_DEBUG_INFO = YES;
				ONLY_ACTIVE_ARCH = YES;
				SDKROOT = iphoneos;
				TARGETED_DEVICE_FAMILY = "1,2";
			};
			name = Debug;
		};
		95C902401F0CCA0500AC1FAA /* Release */ = {
			isa = XCBuildConfiguration;
			buildSettings = {
				ALWAYS_SEARCH_USER_PATHS = NO;
				CLANG_ANALYZER_NONNULL = YES;
				CLANG_ANALYZER_NUMBER_OBJECT_CONVERSION = YES_AGGRESSIVE;
				CLANG_CXX_LANGUAGE_STANDARD = "gnu++0x";
				CLANG_CXX_LIBRARY = "libc++";
				CLANG_ENABLE_MODULES = YES;
				CLANG_ENABLE_OBJC_ARC = YES;
				CLANG_WARN_BOOL_CONVERSION = YES;
				CLANG_WARN_CONSTANT_CONVERSION = YES;
				CLANG_WARN_DIRECT_OBJC_ISA_USAGE = YES_ERROR;
				CLANG_WARN_DOCUMENTATION_COMMENTS = YES;
				CLANG_WARN_EMPTY_BODY = YES;
				CLANG_WARN_ENUM_CONVERSION = YES;
				CLANG_WARN_INFINITE_RECURSION = YES;
				CLANG_WARN_INT_CONVERSION = YES;
				CLANG_WARN_OBJC_ROOT_CLASS = YES_ERROR;
				CLANG_WARN_SUSPICIOUS_MOVE = YES;
				CLANG_WARN_UNREACHABLE_CODE = YES;
				CLANG_WARN__DUPLICATE_METHOD_MATCH = YES;
				"CODE_SIGN_IDENTITY[sdk=iphoneos*]" = "iPhone Developer";
				COPY_PHASE_STRIP = NO;
				DEBUG_INFORMATION_FORMAT = "dwarf-with-dsym";
				ENABLE_NS_ASSERTIONS = NO;
				ENABLE_STRICT_OBJC_MSGSEND = YES;
				GCC_C_LANGUAGE_STANDARD = gnu99;
				GCC_NO_COMMON_BLOCKS = YES;
				GCC_WARN_64_TO_32_BIT_CONVERSION = YES;
				GCC_WARN_ABOUT_RETURN_TYPE = YES_ERROR;
				GCC_WARN_UNDECLARED_SELECTOR = YES;
				GCC_WARN_UNINITIALIZED_AUTOS = YES_AGGRESSIVE;
				GCC_WARN_UNUSED_FUNCTION = YES;
				GCC_WARN_UNUSED_VARIABLE = YES;
				IPHONEOS_DEPLOYMENT_TARGET = 10.3;
				MTL_ENABLE_DEBUG_INFO = NO;
				SDKROOT = iphoneos;
				TARGETED_DEVICE_FAMILY = "1,2";
				VALIDATE_PRODUCT = YES;
			};
			name = Release;
		};
		95C9028A1F0CCADE00AC1FAA /* Debug */ = {
			isa = XCBuildConfiguration;
			buildSettings = {
				ASSETCATALOG_COMPILER_APPICON_NAME = AppIcon;
				CLANG_ALLOW_NON_MODULAR_INCLUDES_IN_FRAMEWORK_MODULES = YES;
				CODE_SIGN_IDENTITY = "iPhone Developer";
				"CODE_SIGN_IDENTITY[sdk=iphoneos*]" = "iPhone Developer";
				CODE_SIGN_STYLE = Automatic;
				DEBUG_INFORMATION_FORMAT = dwarf;
				DEVELOPMENT_TEAM = ZGJ54Q7R45;
				ENABLE_BITCODE = NO;
				FRAMEWORK_SEARCH_PATHS = (
					"$(inherited)",
					"$(PROJECT_DIR)/../framework",
				);
				INFOPLIST_FILE = AgoraVRTCDemo/Info.plist;
				IPHONEOS_DEPLOYMENT_TARGET = 8.0;
				LD_RUNPATH_SEARCH_PATHS = "$(inherited) @executable_path/Frameworks";
				PRODUCT_BUNDLE_IDENTIFIER = com.ksyun.mc.AgoraVRTCDemo;
				PRODUCT_NAME = "$(TARGET_NAME)";
				PROVISIONING_PROFILE = "";
				PROVISIONING_PROFILE_SPECIFIER = "";
			};
			name = Debug;
		};
		95C9028B1F0CCADE00AC1FAA /* Release */ = {
			isa = XCBuildConfiguration;
			buildSettings = {
				ASSETCATALOG_COMPILER_APPICON_NAME = AppIcon;
				CLANG_ALLOW_NON_MODULAR_INCLUDES_IN_FRAMEWORK_MODULES = YES;
				CODE_SIGN_IDENTITY = "iPhone Developer";
				"CODE_SIGN_IDENTITY[sdk=iphoneos*]" = "iPhone Developer";
				CODE_SIGN_STYLE = Automatic;
				DEVELOPMENT_TEAM = ZGJ54Q7R45;
				ENABLE_BITCODE = NO;
				FRAMEWORK_SEARCH_PATHS = (
					"$(inherited)",
					"$(PROJECT_DIR)/../framework",
				);
				INFOPLIST_FILE = AgoraVRTCDemo/Info.plist;
				IPHONEOS_DEPLOYMENT_TARGET = 8.0;
				LD_RUNPATH_SEARCH_PATHS = "$(inherited) @executable_path/Frameworks";
				PRODUCT_BUNDLE_IDENTIFIER = com.ksyun.mc.AgoraVRTCDemo;
				PRODUCT_NAME = "$(TARGET_NAME)";
				PROVISIONING_PROFILE = "";
				PROVISIONING_PROFILE_SPECIFIER = "";
			};
			name = Release;
		};
/* End XCBuildConfiguration section */

/* Begin XCConfigurationList section */
		95C902251F0CCA0500AC1FAA /* Build configuration list for PBXProject "KMCAgoraVRTCDemo" */ = {
			isa = XCConfigurationList;
			buildConfigurations = (
				95C9023F1F0CCA0500AC1FAA /* Debug */,
				95C902401F0CCA0500AC1FAA /* Release */,
			);
			defaultConfigurationIsVisible = 0;
			defaultConfigurationName = Release;
		};
		95C902891F0CCADE00AC1FAA /* Build configuration list for PBXNativeTarget "KMCAgoraVRTCDemo" */ = {
			isa = XCConfigurationList;
			buildConfigurations = (
				95C9028A1F0CCADE00AC1FAA /* Debug */,
				95C9028B1F0CCADE00AC1FAA /* Release */,
			);
			defaultConfigurationIsVisible = 0;
			defaultConfigurationName = Release;
		};
/* End XCConfigurationList section */
	};
	rootObject = 95C902221F0CCA0500AC1FAA /* Project object */;
}
